version = 1
revision = 3
requires-python = "==3.10.*"

[[package]]
name = "annotated-doc"
version = "0.0.5"
source = { registry = "https://pypi.org/simple" }
sdist = { url = "https://files.pythonhosted.org/packages/5a/8e/38aa427ed5402449e226975b649c5dc73ccadfefeb95e6aecb8f8ea4b6b6/annotated_doc-0.0.5.tar.gz", hash = "sha256:c7e58ce09192557605d8bbd92836d7e1d520ac9580096042c0bfd197efacf1bb", size = 10758, upload-time = "2026-07-28T13:50:58.129Z" }
wheels = [
    { url = "https://files.pythonhosted.org/packages/3e/30/e900b21425a860e195f32e37657aa1f7c7f2b1bfb26f03ca209b90933c06/annotated_doc-0.0.5-py3-none-any.whl", hash = "sha256:117bac03a25ede5df5440e855b32d556049ca169ead221505badf432fed4b101", size = 5302, upload-time = "2026-07-28T13:50:57.239Z" },
]

[[package]]
name = "annotated-types"
version = "0.8.0"
source = { registry = "https://pypi.org/simple" }
sdist = { url = "https://files.pythonhosted.org/packages/5f/56/a8120250d128bed162cd73c76d45f6ef9991f3e068f62a8ee060afa3104a/annotated_types-0.8.0.tar.gz", hash = "sha256:13b2beaad985e05e2d6407ee4c4f35590b11f8d693a258a561055cac8f64cab7", size = 15893, upload-time = "2026-07-23T20:16:13.995Z" }
wheels = [
    { url = "https://files.pythonhosted.org/packages/99/91/8acff4f5e50511b911bbccb72b8628a49c68ce14148cd9f6431094859a90/annotated_types-0.8.0-py3-none-any.whl", hash = "sha256:f072f4d804ea359e4eaf198b1af7a8b0943881a87f31bb764f8bf219bb9419e0", size = 13427, upload-time = "2026-07-23T20:16:12.938Z" },
]

[[package]]
name = "anyio"
version = "4.14.2"
source = { registry = "https://pypi.org/simple" }
dependencies = [
    { name = "exceptiongroup" },
    { name = "idna" },
    { name = "typing-extensions" },
]
sdist = { url = "https://files.pythonhosted.org/packages/61/cc/a381afa6efea9f496eff839d4a6a1aed3bfafc7b3ab4b0d1b243a12573dd/anyio-4.14.2.tar.gz", hash = "sha256:cfa139f3ed1a23ee8f88a145ddb5ac7605b8bbfd8592baacd7ce3d8bb4313c7f", size = 260176, upload-time = "2026-07-12T20:29:07.082Z" }
wheels = [
    { url = "https://files.pythonhosted.org/packages/da/35/f2287558c17e29fafc8ef3daf819bb9834061cfa43bff8014f7df7f63bdc/anyio-4.14.2-py3-none-any.whl", hash = "sha256:9f505dda5ac9f0c8309b5e8bd445a8c2bf7246f3ce950121e45ea15bc41d1494", size = 125813, upload-time = "2026-07-12T20:29:05.763Z" },
]

[[package]]
name = "certifi"
version = "2026.7.22"
source = { registry = "https://pypi.org/simple" }
sdist = { url = "https://files.pythonhosted.org/packages/a3/c2/24167ea9858356b47a87a50d39908bfdb72ceeefe0041586e704e5376b3a/certifi-2026.7.22.tar.gz", hash = "sha256:741e2c3b351ddf169a738da9f2c048608ff7f2c5cc02f1ebc6b118bb090d5d55", size = 138112, upload-time = "2026-07-22T03:35:12.644Z" }
wheels = [
    { url = "https://files.pythonhosted.org/packages/0b/a7/71ac2cff56fec219ed242bb11b8efb69fcc4bec75db06fb7bfe35de520e6/certifi-2026.7.22-py3-none-any.whl", hash = "sha256:62f22742b58a1a33014a2b6b706588a8d7e2a88ae7bd1a6ebe8c992928483775", size = 136983, upload-time = "2026-07-22T03:35:11.276Z" },
]

[[package]]
name = "click"
version = "8.4.2"
source = { registry = "https://pypi.org/simple" }
dependencies = [
    { name = "colorama", marker = "sys_platform == 'win32'" },
]
sdist = { url = "https://files.pythonhosted.org/packages/76/d4/81420972a676e8ffea40450d8c8c92943e7218a78fe9b64359836cc9876b/click-8.4.2.tar.gz", hash = "sha256:9a6cea6e60b17ebe0a44c5cc636d94f09bd66142c1cd7d8b4cd731c4917a15f6", size = 338000, upload-time = "2026-06-24T17:45:15.148Z" }
wheels = [
    { url = "https://files.pythonhosted.org/packages/fb/e2/79c688af8b210d232694e31e59da9f6ec747bae31c3f5946e4e9b98860d5/click-8.4.2-py3-none-any.whl", hash = "sha256:e6f9f66136c816745b9d65817da91d61d957fb16e02e4dcd0552553c5a197b76", size = 119243, upload-time = "2026-06-24T17:45:13.73Z" },
]

[[package]]
name = "colorama"
version = "0.4.6"
source = { registry = "https://pypi.org/simple" }
sdist = { url = "https://files.pythonhosted.org/packages/d8/53/6f443c9a4a8358a93a6792e2acffb9d9d5cb0a5cfd8802644b7b1c9a02e4/colorama-0.4.6.tar.gz", hash = "sha256:08695f5cb7ed6e0531a20572697297273c47b8cae5a63ffc6d6ed5c201be6e44", size = 27697, upload-time = "2022-10-25T02:36:22.414Z" }
wheels = [
    { url = "https://files.pythonhosted.org/packages/d1/d6/3965ed04c63042e047cb6a3e6ed1a63a35087b6a609aa3a15ed8ac56c221/colorama-0.4.6-py2.py3-none-any.whl", hash = "sha256:4f1d9991f5acc0ca119f9d443620b77f9d6b33703e51011c16baf57afb285fc6", size = 25335, upload-time = "2022-10-25T02:36:20.889Z" },
]

[[package]]
name = "dt-forecast"
version = "0.1.0"
source = { virtual = "." }
dependencies = [
    { name = "fastapi" },
    { name = "joblib" },
    { name = "pandas" },
    { name = "pydantic" },
    { name = "scikit-learn" },
    { name = "uvicorn" },
    { name = "xgboost" },
]

[package.optional-dependencies]
dev = [
    { name = "httpx" },
    { name = "pytest" },
]

[package.metadata]
requires-dist = [
    { name = "fastapi", specifier = ">=0.110.0,<1.0.0" },
    { name = "httpx", marker = "extra == 'dev'", specifier = ">=0.27.0" },
    { name = "joblib", specifier = ">=1.3.0,<2.0.0" },
    { name = "pandas", specifier = ">=2.0.0,<3.0.0" },
    { name = "pydantic", specifier = ">=2.0.0,<3.0.0" },
    { name = "pytest", marker = "extra == 'dev'", specifier = ">=8.0.0" },
    { name = "scikit-learn", specifier = ">=1.3.0,<2.0.0" },
    { name = "uvicorn", specifier = ">=0.29.0,<1.0.0" },
    { name = "xgboost", specifier = ">=2.0.0,<4.0.0" },
]
provides-extras = ["dev"]

[[package]]
name = "exceptiongroup"
version = "1.3.1"
source = { registry = "https://pypi.org/simple" }
dependencies = [
    { name = "typing-extensions" },
]
sdist = { url = "https://files.pythonhosted.org/packages/50/79/66800aadf48771f6b62f7eb014e352e5d06856655206165d775e675a02c9/exceptiongroup-1.3.1.tar.gz", hash = "sha256:8b412432c6055b0b7d14c310000ae93352ed6754f70fa8f7c34141f91c4e3219", size = 30371, upload-time = "2025-11-21T23:01:54.787Z" }
wheels = [
    { url = "https://files.pythonhosted.org/packages/8a/0e/97c33bf5009bdbac74fd2beace167cab3f978feb69cc36f1ef79360d6c4e/exceptiongroup-1.3.1-py3-none-any.whl", hash = "sha256:a7a39a3bd276781e98394987d3a5701d0c4edffb633bb7a5144577f82c773598", size = 16740, upload-time = "2025-11-21T23:01:53.443Z" },
]

[[package]]
name = "fastapi"
version = "0.141.1"
source = { registry = "https://pypi.org/simple" }
dependencies = [
    { name = "annotated-doc" },
    { name = "pydantic" },
    { name = "starlette" },
    { name = "typing-extensions" },
    { name = "typing-inspection" },
]
sdist = { url = "https://files.pythonhosted.org/packages/8a/02/91e3416a8fdd715abb903a952a6bec7cdd8d14eed55d415fc8595524c319/fastapi-0.141.1.tar.gz", hash = "sha256:e8822fc40db1e1858054d7a949a888695bc9bdce70139178e33bd2871a453ca1", size = 425799, upload-time = "2026-07-29T17:18:05.568Z" }
wheels = [
    { url = "https://files.pythonhosted.org/packages/cb/03/10388a42375ee7e4ac9b94eb2c5c569c8b5795e377e701c9ac3ad63de890/fastapi-0.141.1-py3-none-any.whl", hash = "sha256:bfb91aa2d334c61cb35ba9a116fc123b3d3df31640b801cf57a7a78ec3f603b3", size = 131954, upload-time = "2026-07-29T17:18:04.364Z" },
]

[[package]]
name = "h11"
version = "0.16.0"
source = { registry = "https://pypi.org/simple" }
sdist = { url = "https://files.pythonhosted.org/packages/01/ee/02a2c011bdab74c6fb3c75474d40b3052059d95df7e73351460c8588d963/h11-0.16.0.tar.gz", hash = "sha256:4e35b956cf45792e4caa5885e69fba00bdbc6ffafbfa020300e549b208ee5ff1", size = 101250, upload-time = "2025-04-24T03:35:25.427Z" }
wheels = [
    { url = "https://files.pythonhosted.org/packages/04/4b/29cac41a4d98d144bf5f6d33995617b185d14b22401f75ca86f384e87ff1/h11-0.16.0-py3-none-any.whl", hash = "sha256:63cf8bbe7522de3bf65932fda1d9c2772064ffb3dae62d55932da54b31cb6c86", size = 37515, upload-time = "2025-04-24T03:35:24.344Z" },
]

[[package]]
name = "httpcore"
version = "1.0.9"
source = { registry = "https://pypi.org/simple" }
dependencies = [
    { name = "certifi" },
    { name = "h11" },
]
sdist = { url = "https://files.pythonhosted.org/packages/06/94/82699a10bca87a5556c9c59b5963f2d039dbd239f25bc2a63907a05a14cb/httpcore-1.0.9.tar.gz", hash = "sha256:6e34463af53fd2ab5d807f399a9b45ea31c3dfa2276f15a2c3f00afff6e176e8", size = 85484, upload-time = "2025-04-24T22:06:22.219Z" }
wheels = [
    { url = "https://files.pythonhosted.org/packages/7e/f5/f66802a942d491edb555dd61e3a9961140fd64c90bce1eafd741609d334d/httpcore-1.0.9-py3-none-any.whl", hash = "sha256:2d400746a40668fc9dec9810239072b40b4484b640a8c38fd654a024c7a1bf55", size = 78784, upload-time = "2025-04-24T22:06:20.566Z" },
]

[[package]]
name = "httpx"
version = "0.28.1"
source = { registry = "https://pypi.org/simple" }
dependencies = [
    { name = "anyio" },
    { name = "certifi" },
    { name = "httpcore" },
    { name = "idna" },
]
sdist = { url = "https://files.pythonhosted.org/packages/b1/df/48c586a5fe32a0f01324ee087459e112ebb7224f646c0b5023f5e79e9956/httpx-0.28.1.tar.gz", hash = "sha256:75e98c5f16b0f35b567856f597f06ff2270a374470a5c2392242528e3e3e42fc", size = 141406, upload-time = "2024-12-06T15:37:23.222Z" }
wheels = [
    { url = "https://files.pythonhosted.org/packages/2a/39/e50c7c3a983047577ee07d2a9e53faf5a69493943ec3f6a384bdc792deb2/httpx-0.28.1-py3-none-any.whl", hash = "sha256:d909fcccc110f8c7faf814ca82a9a4d816bc5a6dbfea25d6591d6985b8ba59ad", size = 73517, upload-time = "2024-12-06T15:37:21.509Z" },
]

[[package]]
name = "idna"
version = "3.18"
source = { registry = "https://pypi.org/simple" }
sdist = { url = "https://files.pythonhosted.org/packages/cd/63/9496c57188a2ee585e0f1db071d75089a11e98aa86eb99d9d7618fc1edce/idna-3.18.tar.gz", hash = "sha256:ffb385a7e039654cef1ab9ef32c6fafe283c0c0467bba1d9029738ce4a14a848", size = 196711, upload-time = "2026-06-02T14:34:07.794Z" }
wheels = [
    { url = "https://files.pythonhosted.org/packages/1e/5e/d4e9f1a599fb8e573b7b87160658329fbf28d19eac2718f51fc3def3aa5a/idna-3.18-py3-none-any.whl", hash = "sha256:7f952cbe720b688055e3f87de14f5c3e5fdaa8bc3928985c4077ca689de849a2", size = 65455, upload-time = "2026-06-02T14:34:06.319Z" },
]

[[package]]
name = "iniconfig"
version = "2.3.0"
source = { registry = "https://pypi.org/simple" }
sdist = { url = "https://files.pythonhosted.org/packages/72/34/14ca021ce8e5dfedc35312d08ba8bf51fdd999c576889fc2c24cb97f4f10/iniconfig-2.3.0.tar.gz", hash = "sha256:c76315c77db068650d49c5b56314774a7804df16fee4402c1f19d6d15d8c4730", size = 20503, upload-time = "2025-10-18T21:55:43.219Z" }
wheels = [
    { url = "https://files.pythonhosted.org/packages/cb/b1/3846dd7f199d53cb17f49cba7e651e9ce294d8497c8c150530ed11865bb8/iniconfig-2.3.0-py3-none-any.whl", hash = "sha256:f631c04d2c48c52b84d0d0549c99ff3859c98df65b3101406327ecc7d53fbf12", size = 7484, upload-time = "2025-10-18T21:55:41.639Z" },
]

[[package]]
name = "joblib"
version = "1.5.3"
source = { registry = "https://pypi.org/simple" }
sdist = { url = "https://files.pythonhosted.org/packages/41/f2/d34e8b3a08a9cc79a50b2208a93dce981fe615b64d5a4d4abee421d898df/joblib-1.5.3.tar.gz", hash = "sha256:8561a3269e6801106863fd0d6d84bb737be9e7631e33aaed3fb9ce5953688da3", size = 331603, upload-time = "2025-12-15T08:41:46.427Z" }
wheels = [
    { url = "https://files.pythonhosted.org/packages/7b/91/984aca2ec129e2757d1e4e3c81c3fcda9d0f85b74670a094cc443d9ee949/joblib-1.5.3-py3-none-any.whl", hash = "sha256:5fc3c5039fc5ca8c0276333a188bbd59d6b7ab37fe6632daa76bc7f9ec18e713", size = 309071, upload-time = "2025-12-15T08:41:44.973Z" },
]

[[package]]
name = "numpy"
version = "2.2.6"
source = { registry = "https://pypi.org/simple" }
sdist = { url = "https://files.pythonhosted.org/packages/76/21/7d2a95e4bba9dc13d043ee156a356c0a8f0c6309dff6b21b4d71a073b8a8/numpy-2.2.6.tar.gz", hash = "sha256:e29554e2bef54a90aa5cc07da6ce955accb83f21ab5de01a62c8478897b264fd", size = 20276440, upload-time = "2025-05-17T22:38:04.611Z" }
wheels = [
    { url = "https://files.pythonhosted.org/packages/9a/3e/ed6db5be21ce87955c0cbd3009f2803f59fa08df21b5df06862e2d8e2bdd/numpy-2.2.6-cp310-cp310-macosx_10_9_x86_64.whl", hash = "sha256:b412caa66f72040e6d268491a59f2c43bf03eb6c96dd8f0307829feb7fa2b6fb", size = 21165245, upload-time = "2025-05-17T21:27:58.555Z" },
    { url = "https://files.pythonhosted.org/packages/22/c2/4b9221495b2a132cc9d2eb862e21d42a009f5a60e45fc44b00118c174bff/numpy-2.2.6-cp310-cp310-macosx_11_0_arm64.whl", hash = "sha256:8e41fd67c52b86603a91c1a505ebaef50b3314de0213461c7a6e99c9a3beff90", size = 14360048, upload-time = "2025-05-17T21:28:21.406Z" },
    { url = "https://files.pythonhosted.org/packages/fd/77/dc2fcfc66943c6410e2bf598062f5959372735ffda175b39906d54f02349/numpy-2.2.6-cp310-cp310-macosx_14_0_arm64.whl", hash = "sha256:37e990a01ae6ec7fe7fa1c26c55ecb672dd98b19c3d0e1d1f326fa13cb38d163", size = 5340542, upload-time = "2025-05-17T21:28:30.931Z" },
    { url = "https://files.pythonhosted.org/packages/7a/4f/1cb5fdc353a5f5cc7feb692db9b8ec2c3d6405453f982435efc52561df58/numpy-2.2.6-cp310-cp310-macosx_14_0_x86_64.whl", hash = "sha256:5a6429d4be8ca66d889b7cf70f536a397dc45ba6faeb5f8c5427935d9592e9cf", size = 6878301, upload-time = "2025-05-17T21:28:41.613Z" },
    { url = "https://files.pythonhosted.org/packages/eb/17/96a3acd228cec142fcb8723bd3cc39c2a474f7dcf0a5d16731980bcafa95/numpy-2.2.6-cp310-cp310-manylinux_2_17_aarch64.manylinux2014_aarch64.whl", hash = "sha256:efd28d4e9cd7d7a8d39074a4d44c63eda73401580c5c76acda2ce969e0a38e83", size = 14297320, upload-time = "2025-05-17T21:29:02.78Z" },
    { url = "https://files.pythonhosted.org/packages/b4/63/3de6a34ad7ad6646ac7d2f55ebc6ad439dbbf9c4370017c50cf403fb19b5/numpy-2.2.6-cp310-cp310-manylinux_2_17_x86_64.manylinux2014_x86_64.whl", hash = "sha256:fc7b73d02efb0e18c000e9ad8b83480dfcd5dfd11065997ed4c6747470ae8915", size = 16801050, upload-time = "2025-05-17T21:29:27.675Z" },
    { url = "https://files.pythonhosted.org/packages/07/b6/89d837eddef52b3d0cec5c6ba0456c1bf1b9ef6a6672fc2b7873c3ec4e2e/numpy-2.2.6-cp310-cp310-musllinux_1_2_aarch64.whl", hash = "sha256:74d4531beb257d2c3f4b261bfb0fc09e0f9ebb8842d82a7b4209415896adc680", size = 15807034, upload-time = "2025-05-17T21:29:51.102Z" },
    { url = "https://files.pythonhosted.org/packages/01/c8/dc6ae86e3c61cfec1f178e5c9f7858584049b6093f843bca541f94120920/numpy-2.2.6-cp310-cp310-musllinux_1_2_x86_64.whl", hash = "sha256:8fc377d995680230e83241d8a96def29f204b5782f371c532579b4f20607a289", size = 18614185, upload-time = "2025-05-17T21:30:18.703Z" },
    { url = "https://files.pythonhosted.org/packages/5b/c5/0064b1b7e7c89137b471ccec1fd2282fceaae0ab3a9550f2568782d80357/numpy-2.2.6-cp310-cp310-win32.whl", hash = "sha256:b093dd74e50a8cba3e873868d9e93a85b78e0daf2e98c6797566ad8044e8363d", size = 6527149, upload-time = "2025-05-17T21:30:29.788Z" },
    { url = "https://files.pythonhosted.org/packages/a3/dd/4b822569d6b96c39d1215dbae0582fd99954dcbcf0c1a13c61783feaca3f/numpy-2.2.6-cp310-cp310-win_amd64.whl", hash = "sha256:f0fd6321b839904e15c46e0d257fdd101dd7f530fe03fd6359c1ea63738703f3", size = 12904620, upload-time = "2025-05-17T21:30:48.994Z" },
    { url = "https://files.pythonhosted.org/packages/9e/3b/d94a75f4dbf1ef5d321523ecac21ef23a3cd2ac8b78ae2aac40873590229/numpy-2.2.6-pp310-pypy310_pp73-macosx_10_15_x86_64.whl", hash = "sha256:0b605b275d7bd0c640cad4e5d30fa701a8d59302e127e5f79138ad62762c3e3d", size = 21040391, upload-time = "2025-05-17T21:44:35.948Z" },
    { url = "https://files.pythonhosted.org/packages/17/f4/09b2fa1b58f0fb4f7c7963a1649c64c4d315752240377ed74d9cd878f7b5/numpy-2.2.6-pp310-pypy310_pp73-macosx_14_0_x86_64.whl", hash = "sha256:7befc596a7dc9da8a337f79802ee8adb30a552a94f792b9c9d18c840055907db", size = 6786754, upload-time = "2025-05-17T21:44:47.446Z" },
    { url = "https://files.pythonhosted.org/packages/af/30/feba75f143bdc868a1cc3f44ccfa6c4b9ec522b36458e738cd00f67b573f/numpy-2.2.6-pp310-pypy310_pp73-manylinux_2_17_x86_64.manylinux2014_x86_64.whl", hash = "sha256:ce47521a4754c8f4593837384bd3424880629f718d87c5d44f8ed763edd63543", size = 16643476, upload-time = "2025-05-17T21:45:11.871Z" },
    { url = "https://files.pythonhosted.org/packages/37/48/ac2a9584402fb6c0cd5b5d1a91dcf176b15760130dd386bbafdbfe3640bf/numpy-2.2.6-pp310-pypy310_pp73-win_amd64.whl", hash = "sha256:d042d24c90c41b54fd506da306759e06e568864df8ec17ccc17e9e884634fd00", size = 12812666, upload-time = "2025-05-17T21:45:31.426Z" },
]

[[package]]
name = "nvidia-nccl-cu12"
version = "2.31.2"
source = { registry = "https://pypi.org/simple" }
wheels = [
    { url = "https://files.pythonhosted.org/packages/37/85/b073e54c993cd9f79faa955d7c9bd7356da408935483aebc3cbb53a922ec/nvidia_nccl_cu12-2.31.2-py3-none-manylinux_2_18_aarch64.whl", hash = "sha256:f208de397e431631eab0eca946444404a495d43a007535baa333d7de9e510ca2", size = 342026203, upload-time = "2026-08-11T23:23:40.509Z" },
    { url = "https://files.pythonhosted.org/packages/0f/36/104de52d6368f5b7f886e8fd252e0a438fe73a215e59b1b47f93a80ae2ea/nvidia_nccl_cu12-2.31.2-py3-none-manylinux_2_18_x86_64.whl", hash = "sha256:f9b1dc3c2a7e20176054144ebb3b32fea83b40402ee5d7ac7045cd11ecc956c0", size = 342105414, upload-time = "2026-08-11T23:24:24.167Z" },
]

[[package]]
name = "packaging"
version = "26.3"
source = { registry = "https://pypi.org/simple" }
sdist = { url = "https://files.pythonhosted.org/packages/7d/fa/3944b40b07da9ce895c0e6303a5ab7d53da063554f534556b134a54d6093/packaging-26.3.tar.gz", hash = "sha256:94edc256424af38762eb31306eed28beb9f0efc50a8837492c9d6fd6004aed79", size = 313412, upload-time = "2026-08-04T18:15:28.737Z" }
wheels = [
    { url = "https://files.pythonhosted.org/packages/63/34/ba1c580383c9eada3711951fef0795c80b829a078d72188184bcab9dd527/packaging-26.3-py3-none-any.whl", hash = "sha256:d7193f7c8e4e93f444fde0262bf90af30e16fa0ad0ad44cb553c87339b23cd1c", size = 129956, upload-time = "2026-08-04T18:15:27.159Z" },
]

[[package]]
name = "pandas"
version = "2.3.3"
source = { registry = "https://pypi.org/simple" }
dependencies = [
    { name = "numpy" },
    { name = "python-dateutil" },
    { name = "pytz" },
    { name = "tzdata" },
]
sdist = { url = "https://files.pythonhosted.org/packages/33/01/d40b85317f86cf08d853a4f495195c73815fdf205eef3993821720274518/pandas-2.3.3.tar.gz", hash = "sha256:e05e1af93b977f7eafa636d043f9f94c7ee3ac81af99c13508215942e64c993b", size = 4495223, upload-time = "2025-09-29T23:34:51.853Z" }
wheels = [
    { url = "https://files.pythonhosted.org/packages/3d/f7/f425a00df4fcc22b292c6895c6831c0c8ae1d9fac1e024d16f98a9ce8749/pandas-2.3.3-cp310-cp310-macosx_10_9_x86_64.whl", hash = "sha256:376c6446ae31770764215a6c937f72d917f214b43560603cd60da6408f183b6c", size = 11555763, upload-time = "2025-09-29T23:16:53.287Z" },
    { url = "https://files.pythonhosted.org/packages/13/4f/66d99628ff8ce7857aca52fed8f0066ce209f96be2fede6cef9f84e8d04f/pandas-2.3.3-cp310-cp310-macosx_11_0_arm64.whl", hash = "sha256:e19d192383eab2f4ceb30b412b22ea30690c9e618f78870357ae1d682912015a", size = 10801217, upload-time = "2025-09-29T23:17:04.522Z" },
    { url = "https://files.pythonhosted.org/packages/1d/03/3fc4a529a7710f890a239cc496fc6d50ad4a0995657dccc1d64695adb9f4/pandas-2.3.3-cp310-cp310-manylinux_2_24_aarch64.manylinux_2_28_aarch64.whl", hash = "sha256:5caf26f64126b6c7aec964f74266f435afef1c1b13da3b0636c7518a1fa3e2b1", size = 12148791, upload-time = "2025-09-29T23:17:18.444Z" },
    { url = "https://files.pythonhosted.org/packages/40/a8/4dac1f8f8235e5d25b9955d02ff6f29396191d4e665d71122c3722ca83c5/pandas-2.3.3-cp310-cp310-manylinux_2_24_x86_64.manylinux_2_28_x86_64.whl", hash = "sha256:dd7478f1463441ae4ca7308a70e90b33470fa593429f9d4c578dd00d1fa78838", size = 12769373, upload-time = "2025-09-29T23:17:35.846Z" },
    { url = "https://files.pythonhosted.org/packages/df/91/82cc5169b6b25440a7fc0ef3a694582418d875c8e3ebf796a6d6470aa578/pandas-2.3.3-cp310-cp310-musllinux_1_2_aarch64.whl", hash = "sha256:4793891684806ae50d1288c9bae9330293ab4e083ccd1c5e383c34549c6e4250", size = 13200444, upload-time = "2025-09-29T23:17:49.341Z" },
    { url = "https://files.pythonhosted.org/packages/10/ae/89b3283800ab58f7af2952704078555fa60c807fff764395bb57ea0b0dbd/pandas-2.3.3-cp310-cp310-musllinux_1_2_x86_64.whl", hash = "sha256:28083c648d9a99a5dd035ec125d42439c6c1c525098c58af0fc38dd1a7a1b3d4", size = 13858459, upload-time = "2025-09-29T23:18:03.722Z" },
    { url = "https://files.pythonhosted.org/packages/85/72/530900610650f54a35a19476eca5104f38555afccda1aa11a92ee14cb21d/pandas-2.3.3-cp310-cp310-win_amd64.whl", hash = "sha256:503cf027cf9940d2ceaa1a93cfb5f8c8c7e6e90720a2850378f0b3f3b1e06826", size = 11346086, upload-time = "2025-09-29T23:18:18.505Z" },
]

[[package]]
name = "pluggy"
version = "1.6.0"
source = { registry = "https://pypi.org/simple" }
sdist = { url = "https://files.pythonhosted.org/packages/f9/e2/3e91f31a7d2b083fe6ef3fa267035b518369d9511ffab804f839851d2779/pluggy-1.6.0.tar.gz", hash = "sha256:7dcc130b76258d33b90f61b658791dede3486c3e6bfb003ee5c9bfb396dd22f3", size = 69412, upload-time = "2025-05-15T12:30:07.975Z" }
wheels = [
    { url = "https://files.pythonhosted.org/packages/54/20/4d324d65cc6d9205fabedc306948156824eb9f0ee1633355a8f7ec5c66bf/pluggy-1.6.0-py3-none-any.whl", hash = "sha256:e920276dd6813095e9377c0bc5566d94c932c33b27a3e3945d8389c374dd4746", size = 20538, upload-time = "2025-05-15T12:30:06.134Z" },
]

[[package]]
name = "pydantic"
version = "2.13.4"
source = { registry = "https://pypi.org/simple" }
dependencies = [
    { name = "annotated-types" },
    { name = "pydantic-core" },
    { name = "typing-extensions" },
    { name = "typing-inspection" },
]
sdist = { url = "https://files.pythonhosted.org/packages/18/a5/b60d21ac674192f8ab0ba4e9fd860690f9b4a6e51ca5df118733b487d8d6/pydantic-2.13.4.tar.gz", hash = "sha256:c40756b57adaa8b1efeeced5c196f3f3b7c435f90e84ea7f443901bec8099ef6", size = 844775, upload-time = "2026-05-06T13:43:05.343Z" }
wheels = [
    { url = "https://files.pythonhosted.org/packages/fd/7b/122376b1fd3c62c1ed9dc80c931ace4844b3c55407b6fb2d199377c9736f/pydantic-2.13.4-py3-none-any.whl", hash = "sha256:45a282cde31d808236fd7ea9d919b128653c8b38b393d1c4ab335c62924d9aba", size = 472262, upload-time = "2026-05-06T13:43:02.641Z" },
]

[[package]]
name = "pydantic-core"
version = "2.46.4"
source = { registry = "https://pypi.org/simple" }
dependencies = [
    { name = "typing-extensions" },
]
sdist = { url = "https://files.pythonhosted.org/packages/9d/56/921726b776ace8d8f5db44c4ef961006580d91dc52b803c489fafd1aa249/pydantic_core-2.46.4.tar.gz", hash = "sha256:62f875393d7f270851f20523dd2e29f082bcc82292d66db2b64ea71f64b6e1c1", size = 471464, upload-time = "2026-05-06T13:37:06.98Z" }
wheels = [
    { url = "https://files.pythonhosted.org/packages/e7/08/f1ba952f1c8ae5581c70fa9c6da89f247b83e3dd8c09c035d5d7931fc23d/pydantic_core-2.46.4-cp310-cp310-macosx_10_12_x86_64.whl", hash = "sha256:a396dcc17e5a0b164dbe026896245a4fa9ff402edca1dff0be3d53a517f74de4", size = 2113146, upload-time = "2026-05-06T13:37:36.537Z" },
    { url = "https://files.pythonhosted.org/packages/56/c6/65f646c7ff09bd257f660434adb45c4dfcbbcebcc030562fecf6f5bf887d/pydantic_core-2.46.4-cp310-cp310-macosx_11_0_arm64.whl", hash = "sha256:da4b951fe36dc7c3a1ccb4e3cd1747c3542b8c9ceede8fc86cae054e764485f5", size = 1949769, upload-time = "2026-05-06T13:37:46.365Z" },
    { url = "https://files.pythonhosted.org/packages/64/ba/bfb1d928fd5b49e1258935ff104ae356e9fd89384a55bf9f847e9193ad40/pydantic_core-2.46.4-cp310-cp310-manylinux_2_17_aarch64.manylinux2014_aarch64.whl", hash = "sha256:bb63e0198ca18aad131c089b9204c23079c3afa95487e561f4c522d519e55aba", size = 1974958, upload-time = "2026-05-06T13:37:28.611Z" },
    { url = "https://files.pythonhosted.org/packages/4e/74/76223bfb117b64af743c9b6670d1364516f5c0604f96b48f3272f6af6cc6/pydantic_core-2.46.4-cp310-cp310-manylinux_2_17_armv7l.manylinux2014_armv7l.whl", hash = "sha256:f47286a97f0bc9b8859519809077b91b2cefe4ae47fcbf5e466a009c1c5d742b", size = 2042118, upload-time = "2026-05-06T13:36:55.216Z" },
    { url = "https://files.pythonhosted.org/packages/cb/7b/848732968bc8f48f3187542f08358b9d842db564147b256669426ebb1652/pydantic_core-2.46.4-cp310-cp310-manylinux_2_17_ppc64le.manylinux2014_ppc64le.whl", hash = "sha256:905a0ed8ea6f2d61c1738835f99b699348d7857379083e5fc497fa0c967a407c", size = 2222876, upload-time = "2026-05-06T13:38:25.455Z" },
    { url = "https://files.pythonhosted.org/packages/b5/2f/e90b63ee2e14bd8d3db8f705a6d75d64e6ee1b7c2c8833747ce706e1e0ce/pydantic_core-2.46.4-cp310-cp310-manylinux_2_17_s390x.manylinux2014_s390x.whl", hash = "sha256:ea793e075b70290d89d8142074262885d3f7da19634845135751bd6344f73b50", size = 2286703, upload-time = "2026-05-06T13:37:53.304Z" },
    { url = "https://files.pythonhosted.org/packages/ba/1e/acc4d70f88a0a277e4a1fa77ebb985ceabaf900430f875bf9338e11c9420/pydantic_core-2.46.4-cp310-cp310-manylinux_2_17_x86_64.manylinux2014_x86_64.whl", hash = "sha256:395aebd9183f9d112f569aeb5b2214d1a10a33bec8456447f7fbdfa51d38d4cd", size = 2092042, upload-time = "2026-05-06T13:38:46.981Z" },
    { url = "https://files.pythonhosted.org/packages/a9/da/0a422b57bf8504102bf3c4ccea9c41bab5a5cee6a54650acf8faf67f5a24/pydantic_core-2.46.4-cp310-cp310-manylinux_2_31_riscv64.whl", hash = "sha256:b078afbc25f3a1436c7a1d2cd3e322497ee99615ba97c563566fdf46aff1ee01", size = 2117231, upload-time = "2026-05-06T13:39:23.146Z" },
    { url = "https://files.pythonhosted.org/packages/bd/2a/2ac13c3af305843e23c5078c53d135656b3f05a2fd78cb7bbbb12e97b473/pydantic_core-2.46.4-cp310-cp310-manylinux_2_5_i686.manylinux1_i686.whl", hash = "sha256:f747929cf940cddb5b3668a390056ddd5ba2e5010615ea2dcf4f9c4f3ab8791d", size = 2168388, upload-time = "2026-05-06T13:40:08.06Z" },
    { url = "https://files.pythonhosted.org/packages/72/04/2beacf7e1607e93eefe4aed1b4709f079b905fb77530179d4f7c71745f22/pydantic_core-2.46.4-cp310-cp310-musllinux_1_1_aarch64.whl", hash = "sha256:daa27d92c36f24388fe3ad306b174781c747627f134452e4f128ea00ce1fe8c4", size = 2184769, upload-time = "2026-05-06T13:38:13.901Z" },
    { url = "https://files.pythonhosted.org/packages/9e/29/d2b9fd9f539133548eaf622c06a4ce176cb46ac59f32d0359c4abc0de047/pydantic_core-2.46.4-cp310-cp310-musllinux_1_1_armv7l.whl", hash = "sha256:19e51f073cd3df251856a8a4189fbdf1de4012c3ebacfb1884f94f1eb406079f", size = 2319312, upload-time = "2026-05-06T13:39:08.24Z" },
    { url = "https://files.pythonhosted.org/packages/7c/af/0f7a5b85fec6075bea96e3ef9187de38fccced0de92c1e7feda8d5cc7bb9/pydantic_core-2.46.4-cp310-cp310-musllinux_1_1_x86_64.whl", hash = "sha256:c1747f85cee84c26985853c6f3d9bd3e75da5212912443fa111c113b9c246f39", size = 2361817, upload-time = "2026-05-06T13:38:43.2Z" },
    { url = "https://files.pythonhosted.org/packages/25/a4/73363fec545fd3ec025490bdda2743c56d0dd5b6266b1a53bbe9e4265375/pydantic_core-2.46.4-cp310-cp310-win32.whl", hash = "sha256:2f84c03c8607173d16b5a854ec68a2f9079ae03237a54fb506d13af47e1d018d", size = 1987085, upload-time = "2026-05-06T13:39:25.497Z" },
    { url = "https://files.pythonhosted.org/packages/01/aa/62f082da2c91fac1c234bc9ee0066257ce83f0604abd72e4c9d5991f2d84/pydantic_core-2.46.4-cp310-cp310-win_amd64.whl", hash = "sha256:8358a950c8909158e3df31538a7e4edc2d7265a7c54b47f0864d9e5bae9dcebf", size = 2074311, upload-time = "2026-05-06T13:39:59.922Z" },
]

[[package]]
name = "pygments"
version = "2.20.0"
source = { registry = "https://pypi.org/simple" }
sdist = { url = "https://files.pythonhosted.org/packages/c3/b2/bc9c9196916376152d655522fdcebac55e66de6603a76a02bca1b6414f6c/pygments-2.20.0.tar.gz", hash = "sha256:6757cd03768053ff99f3039c1a36d6c0aa0b263438fcab17520b30a303a82b5f", size = 4955991, upload-time = "2026-03-29T13:29:33.898Z" }
wheels = [
    { url = "https://files.pythonhosted.org/packages/f4/7e/a72dd26f3b0f4f2bf1dd8923c85f7ceb43172af56d63c7383eb62b332364/pygments-2.20.0-py3-none-any.whl", hash = "sha256:81a9e26dd42fd28a23a2d169d86d7ac03b46e2f8b59ed4698fb4785f946d0176", size = 1231151, upload-time = "2026-03-29T13:29:30.038Z" },
]

[[package]]
name = "pytest"
version = "9.1.1"
source = { registry = "https://pypi.org/simple" }
dependencies = [
    { name = "colorama", marker = "sys_platform == 'win32'" },
    { name = "exceptiongroup" },
    { name = "iniconfig" },
    { name = "packaging" },
    { name = "pluggy" },
    { name = "pygments" },
    { name = "tomli" },
]
sdist = { url = "https://files.pythonhosted.org/packages/e4/47/b9efed96c114afcfa3c9d3fe98a76a1d14c74a9e266d397cf6eb64be5e01/pytest-9.1.1.tar.gz", hash = "sha256:1088fbde8f2b49d95a549a195707afa7a76a3ce9bcadc26b6d71f0ffda5fe313", size = 1636369, upload-time = "2026-06-19T10:58:32.857Z" }
wheels = [
    { url = "https://files.pythonhosted.org/packages/24/25/1de2678b631f5a49215c6c96fff41ba892b0a34df68d6d80292b1b48aa7f/pytest-9.1.1-py3-none-any.whl", hash = "sha256:37a86b45efb9a47a61a36449063e8e18d0cab3161329fc099eb21783169c4f0c", size = 386536, upload-time = "2026-06-19T10:58:31.347Z" },
]

[[package]]
name = "python-dateutil"
version = "2.9.0.post0"
source = { registry = "https://pypi.org/simple" }
dependencies = [
    { name = "six" },
]
sdist = { url = "https://files.pythonhosted.org/packages/66/c0/0c8b6ad9f17a802ee498c46e004a0eb49bc148f2fd230864601a86dcf6db/python-dateutil-2.9.0.post0.tar.gz", hash = "sha256:37dd54208da7e1cd875388217d5e00ebd4179249f90fb72437e91a35459a0ad3", size = 342432, upload-time = "2024-03-01T18:36:20.211Z" }
wheels = [
    { url = "https://files.pythonhosted.org/packages/ec/57/56b9bcc3c9c6a792fcbaf139543cee77261f3651ca9da0c93f5c1221264b/python_dateutil-2.9.0.post0-py2.py3-none-any.whl", hash = "sha256:a8b2bc7bffae282281c8140a97d3aa9c14da0b136dfe83f850eea9a5f7470427", size = 229892, upload-time = "2024-03-01T18:36:18.57Z" },
]

[[package]]
name = "pytz"
version = "2026.3.post1"
source = { registry = "https://pypi.org/simple" }
sdist = { url = "https://files.pythonhosted.org/packages/fb/48/fb042503b6ca6cd271261dc559fd6432f7d8c713153e9ec5c591af4dfc1c/pytz-2026.3.post1.tar.gz", hash = "sha256:2211d3fcf9a797d3405cac96ac7f61d80e6a644f72a3309607282fe8a2010c5d", size = 319745, upload-time = "2026-07-25T15:12:07.385Z" }
wheels = [
    { url = "https://files.pythonhosted.org/packages/0f/7b/39c34ca613b0b198cb866466651b26b045e2009864c5183c979a3b83f383/pytz-2026.3.post1-py2.py3-none-any.whl", hash = "sha256:dd95840dd199baea12d9cc096a1d452caa6596a1c1e4b5f3dbd1541855d5e815", size = 508283, upload-time = "2026-07-25T15:12:05.782Z" },
]

[[package]]
name = "scikit-learn"
version = "1.7.2"
source = { registry = "https://pypi.org/simple" }
dependencies = [
    { name = "joblib" },
    { name = "numpy" },
    { name = "scipy" },
    { name = "threadpoolctl" },
]
sdist = { url = "https://files.pythonhosted.org/packages/98/c2/a7855e41c9d285dfe86dc50b250978105dce513d6e459ea66a6aeb0e1e0c/scikit_learn-1.7.2.tar.gz", hash = "sha256:20e9e49ecd130598f1ca38a1d85090e1a600147b9c02fa6f15d69cb53d968fda", size = 7193136, upload-time = "2025-09-09T08:21:29.075Z" }
wheels = [
    { url = "https://files.pythonhosted.org/packages/ba/3e/daed796fd69cce768b8788401cc464ea90b306fb196ae1ffed0b98182859/scikit_learn-1.7.2-cp310-cp310-macosx_10_9_x86_64.whl", hash = "sha256:6b33579c10a3081d076ab403df4a4190da4f4432d443521674637677dc91e61f", size = 9336221, upload-time = "2025-09-09T08:20:19.328Z" },
    { url = "https://files.pythonhosted.org/packages/1c/ce/af9d99533b24c55ff4e18d9b7b4d9919bbc6cd8f22fe7a7be01519a347d5/scikit_learn-1.7.2-cp310-cp310-macosx_12_0_arm64.whl", hash = "sha256:36749fb62b3d961b1ce4fedf08fa57a1986cd409eff2d783bca5d4b9b5fce51c", size = 8653834, upload-time = "2025-09-09T08:20:22.073Z" },
    { url = "https://files.pythonhosted.org/packages/58/0e/8c2a03d518fb6bd0b6b0d4b114c63d5f1db01ff0f9925d8eb10960d01c01/scikit_learn-1.7.2-cp310-cp310-manylinux2014_x86_64.manylinux_2_17_x86_64.whl", hash = "sha256:7a58814265dfc52b3295b1900cfb5701589d30a8bb026c7540f1e9d3499d5ec8", size = 9660938, upload-time = "2025-09-09T08:20:24.327Z" },
    { url = "https://files.pythonhosted.org/packages/2b/75/4311605069b5d220e7cf5adabb38535bd96f0079313cdbb04b291479b22a/scikit_learn-1.7.2-cp310-cp310-manylinux_2_27_aarch64.manylinux_2_28_aarch64.whl", hash = "sha256:4a847fea807e278f821a0406ca01e387f97653e284ecbd9750e3ee7c90347f18", size = 9477818, upload-time = "2025-09-09T08:20:26.845Z" },
    { url = "https://files.pythonhosted.org/packages/7f/9b/87961813c34adbca21a6b3f6b2bea344c43b30217a6d24cc437c6147f3e8/scikit_learn-1.7.2-cp310-cp310-win_amd64.whl", hash = "sha256:ca250e6836d10e6f402436d6463d6c0e4d8e0234cfb6a9a47835bd392b852ce5", size = 8886969, upload-time = "2025-09-09T08:20:29.329Z" },
]

[[package]]
name = "scipy"
version = "1.15.3"
source = { registry = "https://pypi.org/simple" }
dependencies = [
    { name = "numpy" },
]
sdist = { url = "https://files.pythonhosted.org/packages/0f/37/6964b830433e654ec7485e45a00fc9a27cf868d622838f6b6d9c5ec0d532/scipy-1.15.3.tar.gz", hash = "sha256:eae3cf522bc7df64b42cad3925c876e1b0b6c35c1337c93e12c0f366f55b0eaf", size = 59419214, upload-time = "2025-05-08T16:13:05.955Z" }
wheels = [
    { url = "https://files.pythonhosted.org/packages/78/2f/4966032c5f8cc7e6a60f1b2e0ad686293b9474b65246b0c642e3ef3badd0/scipy-1.15.3-cp310-cp310-macosx_10_13_x86_64.whl", hash = "sha256:a345928c86d535060c9c2b25e71e87c39ab2f22fc96e9636bd74d1dbf9de448c", size = 38702770, upload-time = "2025-05-08T16:04:20.849Z" },
    { url = "https://files.pythonhosted.org/packages/a0/6e/0c3bf90fae0e910c274db43304ebe25a6b391327f3f10b5dcc638c090795/scipy-1.15.3-cp310-cp310-macosx_12_0_arm64.whl", hash = "sha256:ad3432cb0f9ed87477a8d97f03b763fd1d57709f1bbde3c9369b1dff5503b253", size = 30094511, upload-time = "2025-05-08T16:04:27.103Z" },
    { url = "https://files.pythonhosted.org/packages/ea/b1/4deb37252311c1acff7f101f6453f0440794f51b6eacb1aad4459a134081/scipy-1.15.3-cp310-cp310-macosx_14_0_arm64.whl", hash = "sha256:aef683a9ae6eb00728a542b796f52a5477b78252edede72b8327a886ab63293f", size = 22368151, upload-time = "2025-05-08T16:04:31.731Z" },
    { url = "https://files.pythonhosted.org/packages/38/7d/f457626e3cd3c29b3a49ca115a304cebb8cc6f31b04678f03b216899d3c6/scipy-1.15.3-cp310-cp310-macosx_14_0_x86_64.whl", hash = "sha256:1c832e1bd78dea67d5c16f786681b28dd695a8cb1fb90af2e27580d3d0967e92", size = 25121732, upload-time = "2025-05-08T16:04:36.596Z" },
    { url = "https://files.pythonhosted.org/packages/db/0a/92b1de4a7adc7a15dcf5bddc6e191f6f29ee663b30511ce20467ef9b82e4/scipy-1.15.3-cp310-cp310-manylinux_2_17_aarch64.manylinux2014_aarch64.whl", hash = "sha256:263961f658ce2165bbd7b99fa5135195c3a12d9bef045345016b8b50c315cb82", size = 35547617, upload-time = "2025-05-08T16:04:43.546Z" },
    { url = "https://files.pythonhosted.org/packages/8e/6d/41991e503e51fc1134502694c5fa7a1671501a17ffa12716a4a9151af3df/scipy-1.15.3-cp310-cp310-manylinux_2_17_x86_64.manylinux2014_x86_64.whl", hash = "sha256:9e2abc762b0811e09a0d3258abee2d98e0c703eee49464ce0069590846f31d40", size = 37662964, upload-time = "2025-05-08T16:04:49.431Z" },
    { url = "https://files.pythonhosted.org/packages/25/e1/3df8f83cb15f3500478c889be8fb18700813b95e9e087328230b98d547ff/scipy-1.15.3-cp310-cp310-musllinux_1_2_aarch64.whl", hash = "sha256:ed7284b21a7a0c8f1b6e5977ac05396c0d008b89e05498c8b7e8f4a1423bba0e", size = 37238749, upload-time = "2025-05-08T16:04:55.215Z" },
    { url = "https://files.pythonhosted.org/packages/93/3e/b3257cf446f2a3533ed7809757039016b74cd6f38271de91682aa844cfc5/scipy-1.15.3-cp310-cp310-musllinux_1_2_x86_64.whl", hash = "sha256:5380741e53df2c566f4d234b100a484b420af85deb39ea35a1cc1be84ff53a5c", size = 40022383, upload-time = "2025-05-08T16:05:01.914Z" },
    { url = "https://files.pythonhosted.org/packages/d1/84/55bc4881973d3f79b479a5a2e2df61c8c9a04fcb986a213ac9c02cfb659b/scipy-1.15.3-cp310-cp310-win_amd64.whl", hash = "sha256:9d61e97b186a57350f6d6fd72640f9e99d5a4a2b8fbf4b9ee9a841eab327dc13", size = 41259201, upload-time = "2025-05-08T16:05:08.166Z" },
]

[[package]]
name = "six"
version = "1.17.0"
source = { registry = "https://pypi.org/simple" }
sdist = { url = "https://files.pythonhosted.org/packages/94/e7/b2c673351809dca68a0e064b6af791aa332cf192da575fd474ed7d6f16a2/six-1.17.0.tar.gz", hash = "sha256:ff70335d468e7eb6ec65b95b99d3a2836546063f63acc5171de367e834932a81", size = 34031, upload-time = "2024-12-04T17:35:28.174Z" }
wheels = [
    { url = "https://files.pythonhosted.org/packages/b7/ce/149a00dd41f10bc29e5921b496af8b574d8413afcd5e30dfa0ed46c2cc5e/six-1.17.0-py2.py3-none-any.whl", hash = "sha256:4721f391ed90541fddacab5acf947aa0d3dc7d27b2e1e8eda2be8970586c3274", size = 11050, upload-time = "2024-12-04T17:35:26.475Z" },
]

[[package]]
name = "starlette"
version = "1.6.0"
source = { registry = "https://pypi.org/simple" }
dependencies = [
    { name = "anyio" },
    { name = "typing-extensions" },
]
sdist = { url = "https://files.pythonhosted.org/packages/b5/b4/205b0d5241d934e8add0c38aa924c4f9fb7330834ff11e5444db964ec3f9/starlette-1.6.0.tar.gz", hash = "sha256:d4e3ac5e546444960c710297a3c9fc3f7ebae1b7e963f3d36173b49da535be9b", size = 2716969, upload-time = "2026-08-08T18:27:57.512Z" }
wheels = [
    { url = "https://files.pythonhosted.org/packages/c8/cb/6a6a47d5b464bd08695d254f3da6e7986cc70c9fa5d778eda57538edfe56/starlette-1.6.0-py3-none-any.whl", hash = "sha256:a86dd39d14bb45f85a3d18525215a9ef0cfd1f192ac793220e72598c90335f0c", size = 75969, upload-time = "2026-08-08T18:27:56.196Z" },
]

[[package]]
name = "threadpoolctl"
version = "3.6.0"
source = { registry = "https://pypi.org/simple" }
sdist = { url = "https://files.pythonhosted.org/packages/b7/4d/08c89e34946fce2aec4fbb45c9016efd5f4d7f24af8e5d93296e935631d8/threadpoolctl-3.6.0.tar.gz", hash = "sha256:8ab8b4aa3491d812b623328249fab5302a68d2d71745c8a4c719a2fcaba9f44e", size = 21274, upload-time = "2025-03-13T13:49:23.031Z" }
wheels = [
    { url = "https://files.pythonhosted.org/packages/32/d5/f9a850d79b0851d1d4ef6456097579a9005b31fea68726a4ae5f2d82ddd9/threadpoolctl-3.6.0-py3-none-any.whl", hash = "sha256:43a0b8fd5a2928500110039e43a5eed8480b918967083ea48dc3ab9f13c4a7fb", size = 18638, upload-time = "2025-03-13T13:49:21.846Z" },
]

[[package]]
name = "tomli"
version = "2.4.1"
source = { registry = "https://pypi.org/simple" }
sdist = { url = "https://files.pythonhosted.org/packages/22/de/48c59722572767841493b26183a0d1cc411d54fd759c5607c4590b6563a6/tomli-2.4.1.tar.gz", hash = "sha256:7c7e1a961a0b2f2472c1ac5b69affa0ae1132c39adcb67aba98568702b9cc23f", size = 17543, upload-time = "2026-03-25T20:22:03.828Z" }
wheels = [
    { url = "https://files.pythonhosted.org/packages/7b/61/cceae43728b7de99d9b847560c262873a1f6c98202171fd5ed62640b494b/tomli-2.4.1-py3-none-any.whl", hash = "sha256:0d85819802132122da43cb86656f8d1f8c6587d54ae7dcaf30e90533028b49fe", size = 14583, upload-time = "2026-03-25T20:22:03.012Z" },
]

[[package]]
name = "typing-extensions"
version = "4.16.0"
source = { registry = "https://pypi.org/simple" }
sdist = { url = "https://files.pythonhosted.org/packages/f6/cc/6253133b5bb138fc3306cebfbda2c520f545d36b5be2c7255cc528bb45d6/typing_extensions-4.16.0.tar.gz", hash = "sha256:dc983d19a509c94dba722ee6abd33940f7c05a89e243c47e907eb4db6f1a43e5", size = 113555, upload-time = "2026-07-02T08:40:05.92Z" }
wheels = [
    { url = "https://files.pythonhosted.org/packages/49/d3/b8441a820a491ddfc024b0b0cf0393375b75ea13866d9c66727e54c2fc80/typing_extensions-4.16.0-py3-none-any.whl", hash = "sha256:481caa481374e813c1b176ada14e97f1f67a4539ce9cfeb3f350d78d6370c2e8", size = 45571, upload-time = "2026-07-02T08:40:04.659Z" },
]

[[package]]
name = "typing-inspection"
version = "0.4.4"
source = { registry = "https://pypi.org/simple" }
dependencies = [
    { name = "typing-extensions" },
]
sdist = { url = "https://files.pythonhosted.org/packages/a3/26/b09b8010994eccc3c09092e6b34058f36a460eea2d4c3e8b910c695975a0/typing_inspection-0.4.4.tar.gz", hash = "sha256:547274fa6b0a561ccf549cc9524b999a578e737d015d8709d021f9d0d13bea47", size = 76928, upload-time = "2026-08-12T12:37:25.997Z" }
wheels = [
    { url = "https://files.pythonhosted.org/packages/67/81/4add07e5172b7ac40d8ed5ff580409a7801a4fe26d529bdd915401dabfbe/typing_inspection-0.4.4-py3-none-any.whl", hash = "sha256:65b8397ba37ccbce054456aaccddfc91e6e3083c92824df348d96ca832f3f147", size = 14750, upload-time = "2026-08-12T12:37:24.648Z" },
]

[[package]]
name = "tzdata"
version = "2026.3"
source = { registry = "https://pypi.org/simple" }
sdist = { url = "https://files.pythonhosted.org/packages/92/ff/5a28bdfd8c3ebec42564ac7d0e54ca3db65044a9314a97f9564fa7a1e926/tzdata-2026.3.tar.gz", hash = "sha256:4a1518b8993086a7982523e071643f3c0e5f213e75b21318e78bcabfff9d1415", size = 198674, upload-time = "2026-07-10T08:50:37.887Z" }
wheels = [
    { url = "https://files.pythonhosted.org/packages/e5/6d/b53b99a9f2766d095985947a5782f1702cabb129a34f7a802d7197af832f/tzdata-2026.3-py2.py3-none-any.whl", hash = "sha256:dc096730c87af6cab1b171c9d532be840741ff5d459015e7f6947bd7d7e54931", size = 348168, upload-time = "2026-07-10T08:50:36.46Z" },
]

[[package]]
name = "uvicorn"
version = "0.52.2"
source = { registry = "https://pypi.org/simple" }
dependencies = [
    { name = "click" },
    { name = "h11" },
    { name = "typing-extensions" },
]
sdist = { url = "https://files.pythonhosted.org/packages/c3/53/be79eff13cc289570b4c6875fa4641a91a1dc51ece7f6213f364b0a58c4c/uvicorn-0.52.2.tar.gz", hash = "sha256:4294500b9c8f7a3ef3e975d9e4be08c3eb76441af449a9e6e10146c6a182ffec", size = 100685, upload-time = "2026-08-13T07:03:57.377Z" }
wheels = [
    { url = "https://files.pythonhosted.org/packages/c1/08/0d834cf3e61e476c9f422e856a9e37d12d708d7ada942a2774b1f42aee6c/uvicorn-0.52.2-py3-none-any.whl", hash = "sha256:0b916d247cf5500b320638ea11abf0fed7f348e8e1c7fde53a0e6b6319803512", size = 79912, upload-time = "2026-08-13T07:03:55.658Z" },
]

[[package]]
name = "xgboost"
version = "3.2.0"
source = { registry = "https://pypi.org/simple" }
dependencies = [
    { name = "numpy" },
    { name = "nvidia-nccl-cu12", marker = "sys_platform == 'linux'" },
    { name = "scipy" },
]
sdist = { url = "https://files.pythonhosted.org/packages/91/bb/1eb0242409d22db725d7a88088e6cfd6556829fb0736f9ff69aa9f1e9455/xgboost-3.2.0.tar.gz", hash = "sha256:99b0e9a2a64896cdaf509c5e46372d336c692406646d20f2af505003c0c5d70d", size = 1263936, upload-time = "2026-02-10T11:03:05.542Z" }
wheels = [
    { url = "https://files.pythonhosted.org/packages/2d/49/6e4cdd877c24adf56cb3586bc96d93d4dcd780b5ea1efb32e1ee0de08bae/xgboost-3.2.0-py3-none-macosx_10_15_x86_64.whl", hash = "sha256:2f661966d3e322536d9c448090a870fcba1e32ee5760c10b7c46bac7a342079a", size = 2507014, upload-time = "2026-02-10T10:50:57.44Z" },
    { url = "https://files.pythonhosted.org/packages/93/f1/c09ef1add609453aa3ba5bafcd0d1c1a805c1263c0b60138ec968f8ec296/xgboost-3.2.0-py3-none-macosx_12_0_arm64.whl", hash = "sha256:eabbd40d474b8dbf6cb3536325f9150b9e6f0db32d18de9914fb3227d0bef5b7", size = 2328527, upload-time = "2026-02-10T10:51:17.502Z" },
    { url = "https://files.pythonhosted.org/packages/96/9f/d9914a7b8df842832850b1a18e5f47aaa071c217cdd1da2ae9deb291018b/xgboost-3.2.0-py3-none-manylinux_2_28_aarch64.whl", hash = "sha256:852eabc6d3b3702a59bf78dbfdcd1cb9c4d3a3b6e5ed1f8781d8b9512354fdd2", size = 131100954, upload-time = "2026-02-10T11:02:42.704Z" },
    { url = "https://files.pythonhosted.org/packages/79/98/679de17c2caa4fd3b0b4386ecf7377301702cb0afb22930a07c142fcb1d8/xgboost-3.2.0-py3-none-manylinux_2_28_x86_64.whl", hash = "sha256:99b4a6bbcb47212fec5cf5fbe12347215f073c08967431b0122cfbd1ee70312c", size = 131748579, upload-time = "2026-02-10T10:54:40.424Z" },
    { url = "https://files.pythonhosted.org/packages/1f/3d/1661dd114a914a67e3f7ab66fa1382e7599c2a8c340f314ad30a3e2b4d08/xgboost-3.2.0-py3-none-win_amd64.whl", hash = "sha256:0d169736fd836fc13646c7ab787167b3a8110351c2c6bc770c755ee1618f0442", size = 101681668, upload-time = "2026-02-10T10:59:31.202Z" },
]
